
Microsoft Visual Studio Solution File, Format Version 12.00
# Visual Studio Version 17
VisualStudioVersion = 17.6.33815.320
MinimumVisualStudioVersion = 10.0.40219.1
Project("{9A19103F-16F7-4668-BE54-9A1E7A4F7556}") = "ProMatcher.Api", "ProMatcher.Api\ProMatcher.Api.csproj", "{89E884ED-1335-4490-88EA-D0CC04F9022C}"
EndProject
Project("{9A19103F-16F7-4668-BE54-9A1E7A4F7556}") = "ProMatcher.Domain", "ProMatcher.Domain\ProMatcher.Domain.csproj", "{EE5CA6B8-EA3B-43DD-B507-7C9412A3A66C}"
EndProject
Project("{9A19103F-16F7-4668-BE54-9A1E7A4F7556}") = "ProMatcher.Infra", "ProMatcher.Infra\ProMatcher.Infra.csproj", "{7CCA40FE-CEF9-410C-A7E4-A6215535B14F}"
EndProject
Global
	GlobalSection(SolutionConfigurationPlatforms) = preSolution
		Debug|Any CPU = Debug|Any CPU
		Release|Any CPU = Release|Any CPU
	EndGlobalSection
	GlobalSection(ProjectConfigurationPlatforms) = postSolution
		{89E884ED-1335-4490-88EA-D0CC04F9022C}.Debug|Any CPU.ActiveCfg = Debug|Any CPU
		{89E884ED-1335-4490-88EA-D0CC04F9022C}.Debug|Any CPU.Build.0 = Debug|Any CPU
		{89E884ED-1335-4490-88EA-D0CC04F9022C}.Release|Any CPU.ActiveCfg = Release|Any CPU
		{89E884ED-1335-4490-88EA-D0CC04F9022C}.Release|Any CPU.Build.0 = Release|Any CPU
		{EE5CA6B8-EA3B-43DD-B507-7C9412A3A66C}.Debug|Any CPU.ActiveCfg = Debug|Any CPU
		{EE5CA6B8-EA3B-43DD-B507-7C9412A3A66C}.Debug|Any CPU.Build.0 = Debug|Any CPU
		{EE5CA6B8-EA3B-43DD-B507-7C9412A3A66C}.Release|Any CPU.ActiveCfg = Release|Any CPU
		{EE5CA6B8-EA3B-43DD-B507-7C9412A3A66C}.Release|Any CPU.Build.0 = Release|Any CPU
		{7CCA40FE-CEF9-410C-A7E4-A6215535B14F}.Debug|Any CPU.ActiveCfg = Debug|Any CPU
		{7CCA40FE-CEF9-410C-A7E4-A6215535B14F}.Debug|Any CPU.Build.0 = Debug|Any CPU
		{7CCA40FE-CEF9-410C-A7E4-A6215535B14F}.Release|Any CPU.ActiveCfg = Release|Any CPU
		{7CCA40FE-CEF9-410C-A7E4-A6215535B14F}.Release|Any CPU.Build.0 = Release|Any CPU
	EndGlobalSection
	GlobalSection(SolutionProperties) = preSolution
		HideSolutionNode = FALSE
	EndGlobalSection
	GlobalSection(ExtensibilityGlobals) = postSolution
		SolutionGuid = {691FB4C5-4554-46E4-8309-1FFF8C182BC3}
	EndGlobalSection
EndGlobal
